// !$*UTF8*$!
{
	archiveVersion = 1;
	classes = {
	};
	objectVersion = 56;
	objects = {

/* Begin PBXBuildFile section */
		FA0764D429C2D16200527ED1 /* CoreNFC.framework in Frameworks */ = {isa = PBXBuildFile; fileRef = FA0764D329C2D16200527ED1 /* CoreNFC.framework */; };
		FA08C70B29C38DE90074B255 /* OriginsProductDetection.mlmodel in Sources */ = {isa = PBXBuildFile; fileRef = FA08C70A29C38DE90074B255 /* OriginsProductDetection.mlmodel */; };
		FA80818E29BC405100798CF3 /* AppDelegate.swift in Sources */ = {isa = PBXBuildFile; fileRef = FA80818D29BC405100798CF3 /* AppDelegate.swift */; };
		FA80819029BC405100798CF3 /* SceneDelegate.swift in Sources */ = {isa = PBXBuildFile; fileRef = FA80818F29BC405100798CF3 /* SceneDelegate.swift */; };
		FA80819229BC405100798CF3 /* HomeViewController.swift in Sources */ = {isa = PBXBuildFile; fileRef = FA80819129BC405100798CF3 /* HomeViewController.swift */; };
		FA80819529BC405100798CF3 /* Main.storyboard in Resources */ = {isa = PBXBuildFile; fileRef = FA80819329BC405100798CF3 /* Main.storyboard */; };
		FA80819729BC405200798CF3 /* Assets.xcassets in Resources */ = {isa = PBXBuildFile; fileRef = FA80819629BC405200798CF3 /* Assets.xcassets */; };
		FA80819A29BC405200798CF3 /* LaunchScreen.storyboard in Resources */ = {isa = PBXBuildFile; fileRef = FA80819829BC405200798CF3 /* LaunchScreen.storyboard */; };
		FA8081A729BD13D300798CF3 /* CategoryCell.swift in Sources */ = {isa = PBXBuildFile; fileRef = FA8081A629BD13D300798CF3 /* CategoryCell.swift */; };
		FA8081AA29BD315A00798CF3 /* CustomCollectionViewLayout.swift in Sources */ = {isa = PBXBuildFile; fileRef = FA8081A929BD315A00798CF3 /* CustomCollectionViewLayout.swift */; };
		FA8081AC29BE775400798CF3 /* ProductCell.swift in Sources */ = {isa = PBXBuildFile; fileRef = FA8081AB29BE775400798CF3 /* ProductCell.swift */; };
		FA8081B029C2B0D900798CF3 /* products.json in Resources */ = {isa = PBXBuildFile; fileRef = FA8081AF29C2B0D900798CF3 /* products.json */; };
		FA8081B229C2B66800798CF3 /* ScanViewController.swift in Sources */ = {isa = PBXBuildFile; fileRef = FA8081B129C2B66800798CF3 /* ScanViewController.swift */; };
		FA905CA329C3C33A002E2D63 /* SwiftyJSON in Frameworks */ = {isa = PBXBuildFile; productRef = FA905CA229C3C33A002E2D63 /* SwiftyJSON */; };
		FA905CA629C3C405002E2D63 /* Product.swift in Sources */ = {isa = PBXBuildFile; fileRef = FA905CA529C3C405002E2D63 /* Product.swift */; };
		FAA63BA529C797DA0004AC55 /* RoutineViewController.swift in Sources */ = {isa = PBXBuildFile; fileRef = FAA63BA429C797DA0004AC55 /* RoutineViewController.swift */; };
		FAA63BAA29C79B5C0004AC55 /* OpenAI.swift in Sources */ = {isa = PBXBuildFile; fileRef = FAA63BA929C79B5C0004AC55 /* OpenAI.swift */; };
		FAA63BAD29C79D330004AC55 /* OpenAISwift in Frameworks */ = {isa = PBXBuildFile; productRef = FAA63BAC29C79D330004AC55 /* OpenAISwift */; };
		FAA63BAF29C7AD010004AC55 /* makeup.json in Resources */ = {isa = PBXBuildFile; fileRef = FAA63BAE29C7AD010004AC55 /* makeup.json */; };
		FAC73E5F29C50EAE0040B7C3 /* UserActivityType.swift in Sources */ = {isa = PBXBuildFile; fileRef = FAC73E5E29C50EAE0040B7C3 /* UserActivityType.swift */; };
		FAC73E6129C513350040B7C3 /* VoiceService.swift in Sources */ = {isa = PBXBuildFile; fileRef = FAC73E6029C513350040B7C3 /* VoiceService.swift */; };
		FAC73E6329C513EB0040B7C3 /* AVFoundation.framework in Frameworks */ = {isa = PBXBuildFile; fileRef = FAC73E6229C513EB0040B7C3 /* AVFoundation.framework */; };
		FAC73E6529C534C20040B7C3 /* ProductDetailViewController.swift in Sources */ = {isa = PBXBuildFile; fileRef = FAC73E6429C534C20040B7C3 /* ProductDetailViewController.swift */; };
		FAC73E6729C542E90040B7C3 /* LeafView.swift in Sources */ = {isa = PBXBuildFile; fileRef = FAC73E6629C542E80040B7C3 /* LeafView.swift */; };
		FAC73E6929C54A550040B7C3 /* RoundedCornerView.swift in Sources */ = {isa = PBXBuildFile; fileRef = FAC73E6829C54A550040B7C3 /* RoundedCornerView.swift */; };
		FAC73E6B29C568FD0040B7C3 /* InventoryService.swift in Sources */ = {isa = PBXBuildFile; fileRef = FAC73E6A29C568FD0040B7C3 /* InventoryService.swift */; };
		FAC73E6D29C5711C0040B7C3 /* InventoryCollectionViewController.swift in Sources */ = {isa = PBXBuildFile; fileRef = FAC73E6C29C5711C0040B7C3 /* InventoryCollectionViewController.swift */; };
		FAF2364829C40FD90056E90A /* NavigationControllerDelegate.swift in Sources */ = {isa = PBXBuildFile; fileRef = FAF2364729C40FD90056E90A /* NavigationControllerDelegate.swift */; };
		FAF2364D29C49F730056E90A /* UIColor+Extension.swift in Sources */ = {isa = PBXBuildFile; fileRef = FAF2364C29C49F730056E90A /* UIColor+Extension.swift */; };
		FAF2364F29C4A5F80056E90A /* ProductsService.swift in Sources */ = {isa = PBXBuildFile; fileRef = FAF2364E29C4A5F80056E90A /* ProductsService.swift */; };
		FAF2365229C4E5430056E90A /* scan.json in Resources */ = {isa = PBXBuildFile; fileRef = FAF2365129C4E5430056E90A /* scan.json */; };
		FAF2365529C4E5CE0056E90A /* Lottie in Frameworks */ = {isa = PBXBuildFile; productRef = FAF2365429C4E5CE0056E90A /* Lottie */; };
		FAF3D48E29C3AAB800EC9EA7 /* CoreML.framework in Frameworks */ = {isa = PBXBuildFile; fileRef = FAF3D48D29C3AAB700EC9EA7 /* CoreML.framework */; };
		FAF3D49029C3AABD00EC9EA7 /* Vision.framework in Frameworks */ = {isa = PBXBuildFile; fileRef = FAF3D48F29C3AABD00EC9EA7 /* Vision.framework */; };
		FAF3D49229C3AB5A00EC9EA7 /* VisionObjectRecognitionViewController.swift in Sources */ = {isa = PBXBuildFile; fileRef = FAF3D49129C3AB5A00EC9EA7 /* VisionObjectRecognitionViewController.swift */; };
/* End PBXBuildFile section */

/* Begin PBXFileReference section */
		FA0764D329C2D16200527ED1 /* CoreNFC.framework */ = {isa = PBXFileReference; lastKnownFileType = wrapper.framework; name = CoreNFC.framework; path = System/Library/Frameworks/CoreNFC.framework; sourceTree = SDKROOT; };
		FA0764D529C2D24600527ED1 /* ELCHackathon2023.entitlements */ = {isa = PBXFileReference; lastKnownFileType = text.plist.entitlements; path = ELCHackathon2023.entitlements; sourceTree = "<group>"; };
		FA08C70A29C38DE90074B255 /* OriginsProductDetection.mlmodel */ = {isa = PBXFileReference; lastKnownFileType = file.mlmodel; path = OriginsProductDetection.mlmodel; sourceTree = "<group>"; };
		FA80818A29BC405100798CF3 /* ELCHackathon2023.app */ = {isa = PBXFileReference; explicitFileType = wrapper.application; includeInIndex = 0; path = ELCHackathon2023.app; sourceTree = BUILT_PRODUCTS_DIR; };
		FA80818D29BC405100798CF3 /* AppDelegate.swift */ = {isa = PBXFileReference; lastKnownFileType = sourcecode.swift; path = AppDelegate.swift; sourceTree = "<group>"; };
		FA80818F29BC405100798CF3 /* SceneDelegate.swift */ = {isa = PBXFileReference; lastKnownFileType = sourcecode.swift; path = SceneDelegate.swift; sourceTree = "<group>"; };
		FA80819129BC405100798CF3 /* HomeViewController.swift */ = {isa = PBXFileReference; lastKnownFileType = sourcecode.swift; path = HomeViewController.swift; sourceTree = "<group>"; };
		FA80819429BC405100798CF3 /* Base */ = {isa = PBXFileReference; lastKnownFileType = file.storyboard; name = Base; path = Base.lproj/Main.storyboard; sourceTree = "<group>"; };
		FA80819629BC405200798CF3 /* Assets.xcassets */ = {isa = PBXFileReference; lastKnownFileType = folder.assetcatalog; path = Assets.xcassets; sourceTree = "<group>"; };
		FA80819929BC405200798CF3 /* Base */ = {isa = PBXFileReference; lastKnownFileType = file.storyboard; name = Base; path = Base.lproj/LaunchScreen.storyboard; sourceTree = "<group>"; };
		FA80819B29BC405200798CF3 /* Info.plist */ = {isa = PBXFileReference; lastKnownFileType = text.plist.xml; path = Info.plist; sourceTree = "<group>"; };
		FA8081A629BD13D300798CF3 /* CategoryCell.swift */ = {isa = PBXFileReference; lastKnownFileType = sourcecode.swift; path = CategoryCell.swift; sourceTree = "<group>"; };
		FA8081A929BD315A00798CF3 /* CustomCollectionViewLayout.swift */ = {isa = PBXFileReference; lastKnownFileType = sourcecode.swift; path = CustomCollectionViewLayout.swift; sourceTree = "<group>"; };
		FA8081AB29BE775400798CF3 /* ProductCell.swift */ = {isa = PBXFileReference; lastKnownFileType = sourcecode.swift; path = ProductCell.swift; sourceTree = "<group>"; };
		FA8081AF29C2B0D900798CF3 /* products.json */ = {isa = PBXFileReference; lastKnownFileType = text.json; path = products.json; sourceTree = "<group>"; };
		FA8081B129C2B66800798CF3 /* ScanViewController.swift */ = {isa = PBXFileReference; lastKnownFileType = sourcecode.swift; path = ScanViewController.swift; sourceTree = "<group>"; };
		FA905CA529C3C405002E2D63 /* Product.swift */ = {isa = PBXFileReference; lastKnownFileType = sourcecode.swift; path = Product.swift; sourceTree = "<group>"; };
		FAA63BA429C797DA0004AC55 /* RoutineViewController.swift */ = {isa = PBXFileReference; lastKnownFileType = sourcecode.swift; path = RoutineViewController.swift; sourceTree = "<group>"; };
		FAA63BA929C79B5C0004AC55 /* OpenAI.swift */ = {isa = PBXFileReference; lastKnownFileType = sourcecode.swift; path = OpenAI.swift; sourceTree = "<group>"; };
		FAA63BAE29C7AD010004AC55 /* makeup.json */ = {isa = PBXFileReference; fileEncoding = 4; lastKnownFileType = text.json; path = makeup.json; sourceTree = "<group>"; };
		FAC73E5E29C50EAE0040B7C3 /* UserActivityType.swift */ = {isa = PBXFileReference; lastKnownFileType = sourcecode.swift; path = UserActivityType.swift; sourceTree = "<group>"; };
		FAC73E6029C513350040B7C3 /* VoiceService.swift */ = {isa = PBXFileReference; lastKnownFileType = sourcecode.swift; path = VoiceService.swift; sourceTree = "<group>"; };
		FAC73E6229C513EB0040B7C3 /* AVFoundation.framework */ = {isa = PBXFileReference; lastKnownFileType = wrapper.framework; name = AVFoundation.framework; path = System/Library/Frameworks/AVFoundation.framework; sourceTree = SDKROOT; };
		FAC73E6429C534C20040B7C3 /* ProductDetailViewController.swift */ = {isa = PBXFileReference; lastKnownFileType = sourcecode.swift; path = ProductDetailViewController.swift; sourceTree = "<group>"; };
		FAC73E6629C542E80040B7C3 /* LeafView.swift */ = {isa = PBXFileReference; lastKnownFileType = sourcecode.swift; path = LeafView.swift; sourceTree = "<group>"; };
		FAC73E6829C54A550040B7C3 /* RoundedCornerView.swift */ = {isa = PBXFileReference; lastKnownFileType = sourcecode.swift; path = RoundedCornerView.swift; sourceTree = "<group>"; };
		FAC73E6A29C568FD0040B7C3 /* InventoryService.swift */ = {isa = PBXFileReference; lastKnownFileType = sourcecode.swift; path = InventoryService.swift; sourceTree = "<group>"; };
		FAC73E6C29C5711C0040B7C3 /* InventoryCollectionViewController.swift */ = {isa = PBXFileReference; lastKnownFileType = sourcecode.swift; path = InventoryCollectionViewController.swift; sourceTree = "<group>"; };
		FAF2364729C40FD90056E90A /* NavigationControllerDelegate.swift */ = {isa = PBXFileReference; lastKnownFileType = sourcecode.swift; path = NavigationControllerDelegate.swift; sourceTree = "<group>"; };
		FAF2364C29C49F730056E90A /* UIColor+Extension.swift */ = {isa = PBXFileReference; lastKnownFileType = sourcecode.swift; path = "UIColor+Extension.swift"; sourceTree = "<group>"; };
		FAF2364E29C4A5F80056E90A /* ProductsService.swift */ = {isa = PBXFileReference; lastKnownFileType = sourcecode.swift; path = ProductsService.swift; sourceTree = "<group>"; };
		FAF2365129C4E5430056E90A /* scan.json */ = {isa = PBXFileReference; fileEncoding = 4; lastKnownFileType = text.json; path = scan.json; sourceTree = "<group>"; };
		FAF3D48D29C3AAB700EC9EA7 /* CoreML.framework */ = {isa = PBXFileReference; lastKnownFileType = wrapper.framework; name = CoreML.framework; path = System/Library/Frameworks/CoreML.framework; sourceTree = SDKROOT; };
		FAF3D48F29C3AABD00EC9EA7 /* Vision.framework */ = {isa = PBXFileReference; lastKnownFileType = wrapper.framework; name = Vision.framework; path = System/Library/Frameworks/Vision.framework; sourceTree = SDKROOT; };
		FAF3D49129C3AB5A00EC9EA7 /* VisionObjectRecognitionViewController.swift */ = {isa = PBXFileReference; lastKnownFileType = sourcecode.swift; path = VisionObjectRecognitionViewController.swift; sourceTree = "<group>"; };
/* End PBXFileReference section */

/* Begin PBXFrameworksBuildPhase section */
		FA80818729BC405100798CF3 /* Frameworks */ = {
			isa = PBXFrameworksBuildPhase;
			buildActionMask = 2147483647;
			files = (
				FAF2365529C4E5CE0056E90A /* Lottie in Frameworks */,
				FAF3D48E29C3AAB800EC9EA7 /* CoreML.framework in Frameworks */,
				FAC73E6329C513EB0040B7C3 /* AVFoundation.framework in Frameworks */,
				FAF3D49029C3AABD00EC9EA7 /* Vision.framework in Frameworks */,
				FA905CA329C3C33A002E2D63 /* SwiftyJSON in Frameworks */,
				FA0764D429C2D16200527ED1 /* CoreNFC.framework in Frameworks */,
				FAA63BAD29C79D330004AC55 /* OpenAISwift in Frameworks */,
			);
			runOnlyForDeploymentPostprocessing = 0;
		};
/* End PBXFrameworksBuildPhase section */

/* Begin PBXGroup section */
		FA0764D229C2D16200527ED1 /* Frameworks */ = {
			isa = PBXGroup;
			children = (
				FAC73E6229C513EB0040B7C3 /* AVFoundation.framework */,
				FAF3D48F29C3AABD00EC9EA7 /* Vision.framework */,
				FAF3D48D29C3AAB700EC9EA7 /* CoreML.framework */,
				FA0764D329C2D16200527ED1 /* CoreNFC.framework */,
			);
			name = Frameworks;
			sourceTree = "<group>";
		};
		FA80818129BC405100798CF3 = {
			isa = PBXGroup;
			children = (
				FA80818C29BC405100798CF3 /* ELCHackathon2023 */,
				FA80818B29BC405100798CF3 /* Products */,
				FA0764D229C2D16200527ED1 /* Frameworks */,
			);
			sourceTree = "<group>";
		};
		FA80818B29BC405100798CF3 /* Products */ = {
			isa = PBXGroup;
			children = (
				FA80818A29BC405100798CF3 /* ELCHackathon2023.app */,
			);
			name = Products;
			sourceTree = "<group>";
		};
		FA80818C29BC405100798CF3 /* ELCHackathon2023 */ = {
			isa = PBXGroup;
			children = (
				FAF2365029C4E5360056E90A /* Lottie */,
				FAF2364B29C49F5A0056E90A /* Ext */,
				FA0764D529C2D24600527ED1 /* ELCHackathon2023.entitlements */,
				FA8081AE29BE7C4800798CF3 /* Services */,
				FA8081AD29BE7C4100798CF3 /* Models */,
				FA8081A829BD313E00798CF3 /* Layouts */,
				FA8081A529BC4ABA00798CF3 /* Cells */,
				FA8081A229BC40CD00798CF3 /* Controllers */,
				FA8081A129BC40B000798CF3 /* Views */,
				FA80818D29BC405100798CF3 /* AppDelegate.swift */,
				FA08C70A29C38DE90074B255 /* OriginsProductDetection.mlmodel */,
				FA80818F29BC405100798CF3 /* SceneDelegate.swift */,
				FA80819629BC405200798CF3 /* Assets.xcassets */,
				FA80819B29BC405200798CF3 /* Info.plist */,
				FA8081AF29C2B0D900798CF3 /* products.json */,
				FAC73E5E29C50EAE0040B7C3 /* UserActivityType.swift */,
			);
			path = ELCHackathon2023;
			sourceTree = "<group>";
		};
		FA8081A129BC40B000798CF3 /* Views */ = {
			isa = PBXGroup;
			children = (
				FA80819829BC405200798CF3 /* LaunchScreen.storyboard */,
				FA80819329BC405100798CF3 /* Main.storyboard */,
			);
			path = Views;
			sourceTree = "<group>";
		};
		FA8081A229BC40CD00798CF3 /* Controllers */ = {
			isa = PBXGroup;
			children = (
				FA80819129BC405100798CF3 /* HomeViewController.swift */,
				FA8081B129C2B66800798CF3 /* ScanViewController.swift */,
				FAF3D49129C3AB5A00EC9EA7 /* VisionObjectRecognitionViewController.swift */,
				FAF2364729C40FD90056E90A /* NavigationControllerDelegate.swift */,
				FAC73E6429C534C20040B7C3 /* ProductDetailViewController.swift */,
				FAC73E6C29C5711C0040B7C3 /* InventoryCollectionViewController.swift */,
				FAA63BA429C797DA0004AC55 /* RoutineViewController.swift */,
			);
			path = Controllers;
			sourceTree = "<group>";
		};
		FA8081A529BC4ABA00798CF3 /* Cells */ = {
			isa = PBXGroup;
			children = (
				FA8081A629BD13D300798CF3 /* CategoryCell.swift */,
				FA8081AB29BE775400798CF3 /* ProductCell.swift */,
			);
			path = Cells;
			sourceTree = "<group>";
		};
		FA8081A829BD313E00798CF3 /* Layouts */ = {
			isa = PBXGroup;
			children = (
				FA8081A929BD315A00798CF3 /* CustomCollectionViewLayout.swift */,
			);
			path = Layouts;
			sourceTree = "<group>";
		};
		FA8081AD29BE7C4100798CF3 /* Models */ = {
			isa = PBXGroup;
			children = (
				FA905CA529C3C405002E2D63 /* Product.swift */,
			);
			path = Models;
			sourceTree = "<group>";
		};
		FA8081AE29BE7C4800798CF3 /* Services */ = {
			isa = PBXGroup;
			children = (
				FAF2364E29C4A5F80056E90A /* ProductsService.swift */,
				FAC73E6029C513350040B7C3 /* VoiceService.swift */,
				FAC73E6A29C568FD0040B7C3 /* InventoryService.swift */,
				FAA63BA929C79B5C0004AC55 /* OpenAI.swift */,
			);
			path = Services;
			sourceTree = "<group>";
		};
		FAF2364B29C49F5A0056E90A /* Ext */ = {
			isa = PBXGroup;
			children = (
				FAF2364C29C49F730056E90A /* UIColor+Extension.swift */,
				FAC73E6629C542E80040B7C3 /* LeafView.swift */,
				FAC73E6829C54A550040B7C3 /* RoundedCornerView.swift */,
			);
			path = Ext;
			sourceTree = "<group>";
		};
		FAF2365029C4E5360056E90A /* Lottie */ = {
			isa = PBXGroup;
			children = (
				FAA63BAE29C7AD010004AC55 /* makeup.json */,
				FAF2365129C4E5430056E90A /* scan.json */,
			);
			path = Lottie;
			sourceTree = "<group>";
		};
/* End PBXGroup section */

/* Begin PBXNativeTarget section */
		FA80818929BC405100798CF3 /* ELCHackathon2023 */ = {
			isa = PBXNativeTarget;
			buildConfigurationList = FA80819E29BC405200798CF3 /* Build configuration list for PBXNativeTarget "ELCHackathon2023" */;
			buildPhases = (
				FA80818629BC405100798CF3 /* Sources */,
				FA80818729BC405100798CF3 /* Frameworks */,
				FA80818829BC405100798CF3 /* Resources */,
			);
			buildRules = (
			);
			dependencies = (
			);
			name = ELCHackathon2023;
			packageProductDependencies = (
				FA905CA229C3C33A002E2D63 /* SwiftyJSON */,
				FAF2365429C4E5CE0056E90A /* Lottie */,
				FAA63BAC29C79D330004AC55 /* OpenAISwift */,
			);
			productName = ELCHackathon2023;
			productReference = FA80818A29BC405100798CF3 /* ELCHackathon2023.app */;
			productType = "com.apple.product-type.application";
		};
/* End PBXNativeTarget section */

/* Begin PBXProject section */
		FA80818229BC405100798CF3 /* Project object */ = {
			isa = PBXProject;
			attributes = {
				BuildIndependentTargetsInParallel = 1;
				LastSwiftUpdateCheck = 1420;
				LastUpgradeCheck = 1420;
				TargetAttributes = {
					FA80818929BC405100798CF3 = {
						CreatedOnToolsVersion = 14.2;
					};
				};
			};
			buildConfigurationList = FA80818529BC405100798CF3 /* Build configuration list for PBXProject "ELCHackathon2023" */;
			compatibilityVersion = "Xcode 14.0";
			developmentRegion = en;
			hasScannedForEncodings = 0;
			knownRegions = (
				en,
				Base,
			);
			mainGroup = FA80818129BC405100798CF3;
			packageReferences = (
				FA905CA129C3C33A002E2D63 /* XCRemoteSwiftPackageReference "SwiftyJSON" */,
				FAF2365329C4E5CE0056E90A /* XCRemoteSwiftPackageReference "lottie-spm" */,
				FAA63BA629C799810004AC55 /* XCRemoteSwiftPackageReference "openai-kit" */,
				FAA63BAB29C79D330004AC55 /* XCRemoteSwiftPackageReference "OpenAISwift" */,
			);
			productRefGroup = FA80818B29BC405100798CF3 /* Products */;
			projectDirPath = "";
			projectRoot = "";
			targets = (
				FA80818929BC405100798CF3 /* ELCHackathon2023 */,
			);
		};
/* End PBXProject section */

/* Begin PBXResourcesBuildPhase section */
		FA80818829BC405100798CF3 /* Resources */ = {
			isa = PBXResourcesBuildPhase;
			buildActionMask = 2147483647;
			files = (
				FA80819A29BC405200798CF3 /* LaunchScreen.storyboard in Resources */,
				FA8081B029C2B0D900798CF3 /* products.json in Resources */,
				FA80819729BC405200798CF3 /* Assets.xcassets in Resources */,
				FAA63BAF29C7AD010004AC55 /* makeup.json in Resources */,
				FA80819529BC405100798CF3 /* Main.storyboard in Resources */,
				FAF2365229C4E5430056E90A /* scan.json in Resources */,
			);
			runOnlyForDeploymentPostprocessing = 0;
		};
/* End PBXResourcesBuildPhase section */

/* Begin PBXSourcesBuildPhase section */
		FA80818629BC405100798CF3 /* Sources */ = {
			isa = PBXSourcesBuildPhase;
			buildActionMask = 2147483647;
			files = (
				FAC73E6729C542E90040B7C3 /* LeafView.swift in Sources */,
				FA8081B229C2B66800798CF3 /* ScanViewController.swift in Sources */,
				FA80819229BC405100798CF3 /* HomeViewController.swift in Sources */,
				FA08C70B29C38DE90074B255 /* OriginsProductDetection.mlmodel in Sources */,
				FAF2364F29C4A5F80056E90A /* ProductsService.swift in Sources */,
				FAC73E6929C54A550040B7C3 /* RoundedCornerView.swift in Sources */,
				FAC73E6129C513350040B7C3 /* VoiceService.swift in Sources */,
				FA80818E29BC405100798CF3 /* AppDelegate.swift in Sources */,
				FAC73E5F29C50EAE0040B7C3 /* UserActivityType.swift in Sources */,
				FA80819029BC405100798CF3 /* SceneDelegate.swift in Sources */,
				FA8081AC29BE775400798CF3 /* ProductCell.swift in Sources */,
				FAF3D49229C3AB5A00EC9EA7 /* VisionObjectRecognitionViewController.swift in Sources */,
				FAF2364829C40FD90056E90A /* NavigationControllerDelegate.swift in Sources */,
				FA905CA629C3C405002E2D63 /* Product.swift in Sources */,
				FAC73E6B29C568FD0040B7C3 /* InventoryService.swift in Sources */,
				FAC73E6D29C5711C0040B7C3 /* InventoryCollectionViewController.swift in Sources */,
				FAF2364D29C49F730056E90A /* UIColor+Extension.swift in Sources */,
				FAC73E6529C534C20040B7C3 /* ProductDetailViewController.swift in Sources */,
				FA8081AA29BD315A00798CF3 /* CustomCollectionViewLayout.swift in Sources */,
				FAA63BA529C797DA0004AC55 /* RoutineViewController.swift in Sources */,
				FA8081A729BD13D300798CF3 /* CategoryCell.swift in Sources */,
				FAA63BAA29C79B5C0004AC55 /* OpenAI.swift in Sources */,
			);
			runOnlyForDeploymentPostprocessing = 0;
		};
/* End PBXSourcesBuildPhase section */

/* Begin PBXVariantGroup section */
		FA80819329BC405100798CF3 /* Main.storyboard */ = {
			isa = PBXVariantGroup;
			children = (
				FA80819429BC405100798CF3 /* Base */,
			);
			name = Main.storyboard;
			sourceTree = "<group>";
		};
		FA80819829BC405200798CF3 /* LaunchScreen.storyboard */ = {
			isa = PBXVariantGroup;
			children = (
				FA80819929BC405200798CF3 /* Base */,
			);
			name = LaunchScreen.storyboard;
			sourceTree = "<group>";
		};
/* End PBXVariantGroup section */

/* Begin XCBuildConfiguration section */
		FA80819C29BC405200798CF3 /* Debug */ = {
			isa = XCBuildConfiguration;
			buildSettings = {
				ALWAYS_SEARCH_USER_PATHS = NO;
				CLANG_ANALYZER_NONNULL = YES;
				CLANG_ANALYZER_NUMBER_OBJECT_CONVERSION = YES_AGGRESSIVE;
				CLANG_CXX_LANGUAGE_STANDARD = "gnu++20";
				CLANG_ENABLE_MODULES = YES;
				CLANG_ENABLE_OBJC_ARC = YES;
				CLANG_ENABLE_OBJC_WEAK = YES;
				CLANG_WARN_BLOCK_CAPTURE_AUTORELEASING = YES;
				CLANG_WARN_BOOL_CONVERSION = YES;
				CLANG_WARN_COMMA = YES;
				CLANG_WARN_CONSTANT_CONVERSION = YES;
				CLANG_WARN_DEPRECATED_OBJC_IMPLEMENTATIONS = YES;
				CLANG_WARN_DIRECT_OBJC_ISA_USAGE = YES_ERROR;
				CLANG_WARN_DOCUMENTATION_COMMENTS = YES;
				CLANG_WARN_EMPTY_BODY = YES;
				CLANG_WARN_ENUM_CONVERSION = YES;
				CLANG_WARN_INFINITE_RECURSION = YES;
				CLANG_WARN_INT_CONVERSION = YES;
				CLANG_WARN_NON_LITERAL_NULL_CONVERSION = YES;
				CLANG_WARN_OBJC_IMPLICIT_RETAIN_SELF = YES;
				CLANG_WARN_OBJC_LITERAL_CONVERSION = YES;
				CLANG_WARN_OBJC_ROOT_CLASS = YES_ERROR;
				CLANG_WARN_QUOTED_INCLUDE_IN_FRAMEWORK_HEADER = YES;
				CLANG_WARN_RANGE_LOOP_ANALYSIS = YES;
				CLANG_WARN_STRICT_PROTOTYPES = YES;
				CLANG_WARN_SUSPICIOUS_MOVE = YES;
				CLANG_WARN_UNGUARDED_AVAILABILITY = YES_AGGRESSIVE;
				CLANG_WARN_UNREACHABLE_CODE = YES;
				CLANG_WARN__DUPLICATE_METHOD_MATCH = YES;
				COPY_PHASE_STRIP = NO;
				DEBUG_INFORMATION_FORMAT = dwarf;
				ENABLE_STRICT_OBJC_MSGSEND = YES;
				ENABLE_TESTABILITY = YES;
				GCC_C_LANGUAGE_STANDARD = gnu11;
				GCC_DYNAMIC_NO_PIC = NO;
				GCC_NO_COMMON_BLOCKS = YES;
				GCC_OPTIMIZATION_LEVEL = 0;
				GCC_PREPROCESSOR_DEFINITIONS = (
					"DEBUG=1",
					"$(inherited)",
				);
				GCC_WARN_64_TO_32_BIT_CONVERSION = YES;
				GCC_WARN_ABOUT_RETURN_TYPE = YES_ERROR;
				GCC_WARN_UNDECLARED_SELECTOR = YES;
				GCC_WARN_UNINITIALIZED_AUTOS = YES_AGGRESSIVE;
				GCC_WARN_UNUSED_FUNCTION = YES;
				GCC_WARN_UNUSED_VARIABLE = YES;
				IPHONEOS_DEPLOYMENT_TARGET = 16.2;
				MTL_ENABLE_DEBUG_INFO = INCLUDE_SOURCE;
				MTL_FAST_MATH = YES;
				ONLY_ACTIVE_ARCH = YES;
				SDKROOT = iphoneos;
				SWIFT_ACTIVE_COMPILATION_CONDITIONS = DEBUG;
				SWIFT_OPTIMIZATION_LEVEL = "-Onone";
			};
			name = Debug;
		};
		FA80819D29BC405200798CF3 /* Release */ = {
			isa = XCBuildConfiguration;
			buildSettings = {
				ALWAYS_SEARCH_USER_PATHS = NO;
				CLANG_ANALYZER_NONNULL = YES;
				CLANG_ANALYZER_NUMBER_OBJECT_CONVERSION = YES_AGGRESSIVE;
				CLANG_CXX_LANGUAGE_STANDARD = "gnu++20";
				CLANG_ENABLE_MODULES = YES;
				CLANG_ENABLE_OBJC_ARC = YES;
				CLANG_ENABLE_OBJC_WEAK = YES;
				CLANG_WARN_BLOCK_CAPTURE_AUTORELEASING = YES;
				CLANG_WARN_BOOL_CONVERSION = YES;
				CLANG_WARN_COMMA = YES;
				CLANG_WARN_CONSTANT_CONVERSION = YES;
				CLANG_WARN_DEPRECATED_OBJC_IMPLEMENTATIONS = YES;
				CLANG_WARN_DIRECT_OBJC_ISA_USAGE = YES_ERROR;
				CLANG_WARN_DOCUMENTATION_COMMENTS = YES;
				CLANG_WARN_EMPTY_BODY = YES;
				CLANG_WARN_ENUM_CONVERSION = YES;
				CLANG_WARN_INFINITE_RECURSION = YES;
				CLANG_WARN_INT_CONVERSION = YES;
				CLANG_WARN_NON_LITERAL_NULL_CONVERSION = YES;
				CLANG_WARN_OBJC_IMPLICIT_RETAIN_SELF = YES;
				CLANG_WARN_OBJC_LITERAL_CONVERSION = YES;
				CLANG_WARN_OBJC_ROOT_CLASS = YES_ERROR;
				CLANG_WARN_QUOTED_INCLUDE_IN_FRAMEWORK_HEADER = YES;
				CLANG_WARN_RANGE_LOOP_ANALYSIS = YES;
				CLANG_WARN_STRICT_PROTOTYPES = YES;
				CLANG_WARN_SUSPICIOUS_MOVE = YES;
				CLANG_WARN_UNGUARDED_AVAILABILITY = YES_AGGRESSIVE;
				CLANG_WARN_UNREACHABLE_CODE = YES;
				CLANG_WARN__DUPLICATE_METHOD_MATCH = YES;
				COPY_PHASE_STRIP = NO;
				DEBUG_INFORMATION_FORMAT = "dwarf-with-dsym";
				ENABLE_NS_ASSERTIONS = NO;
				ENABLE_STRICT_OBJC_MSGSEND = YES;
				GCC_C_LANGUAGE_STANDARD = gnu11;
				GCC_NO_COMMON_BLOCKS = YES;
				GCC_WARN_64_TO_32_BIT_CONVERSION = YES;
				GCC_WARN_ABOUT_RETURN_TYPE = YES_ERROR;
				GCC_WARN_UNDECLARED_SELECTOR = YES;
				GCC_WARN_UNINITIALIZED_AUTOS = YES_AGGRESSIVE;
				GCC_WARN_UNUSED_FUNCTION = YES;
				GCC_WARN_UNUSED_VARIABLE = YES;
				IPHONEOS_DEPLOYMENT_TARGET = 16.2;
				MTL_ENABLE_DEBUG_INFO = NO;
				MTL_FAST_MATH = YES;
				SDKROOT = iphoneos;
				SWIFT_COMPILATION_MODE = wholemodule;
				SWIFT_OPTIMIZATION_LEVEL = "-O";
				VALIDATE_PRODUCT = YES;
			};
			name = Release;
		};
		FA80819F29BC405200798CF3 /* Debug */ = {
			isa = XCBuildConfiguration;
			buildSettings = {
				ASSETCATALOG_COMPILER_APPICON_NAME = AppIcon;
				ASSETCATALOG_COMPILER_GLOBAL_ACCENT_COLOR_NAME = AccentColor;
				CODE_SIGN_ENTITLEMENTS = ELCHackathon2023/ELCHackathon2023.entitlements;
				CODE_SIGN_STYLE = Automatic;
				CURRENT_PROJECT_VERSION = 1;
				DEVELOPMENT_TEAM = RQMWDBN53R;
				GENERATE_INFOPLIST_FILE = YES;
				INFOPLIST_FILE = ELCHackathon2023/Info.plist;
				INFOPLIST_KEY_NFCReaderUsageDescription = "";
				INFOPLIST_KEY_NSCameraUsageDescription = "Please allow camera";
				INFOPLIST_KEY_UIApplicationSupportsIndirectInputEvents = YES;
				INFOPLIST_KEY_UILaunchStoryboardName = LaunchScreen;
				INFOPLIST_KEY_UIMainStoryboardFile = Main;
				INFOPLIST_KEY_UIStatusBarStyle = UIStatusBarStyleLightContent;
				INFOPLIST_KEY_UISupportedInterfaceOrientations_iPad = "UIInterfaceOrientationPortrait UIInterfaceOrientationPortraitUpsideDown UIInterfaceOrientationLandscapeLeft UIInterfaceOrientationLandscapeRight";
				INFOPLIST_KEY_UISupportedInterfaceOrientations_iPhone = "UIInterfaceOrientationPortrait UIInterfaceOrientationLandscapeLeft UIInterfaceOrientationLandscapeRight";
				IPHONEOS_DEPLOYMENT_TARGET = 16.0;
				LD_RUNPATH_SEARCH_PATHS = (
					"$(inherited)",
					"@executable_path/Frameworks",
				);
				MARKETING_VERSION = 1.0;
				PRODUCT_BUNDLE_IDENTIFIER = com.hack.ELCHackathon2023;
				PRODUCT_NAME = "$(TARGET_NAME)";
				SWIFT_EMIT_LOC_STRINGS = YES;
				SWIFT_VERSION = 5.0;
				TARGETED_DEVICE_FAMILY = "1,2";
			};
			name = Debug;
		};
		FA8081A029BC405200798CF3 /* Release */ = {
			isa = XCBuildConfiguration;
			buildSettings = {
				ASSETCATALOG_COMPILER_APPICON_NAME = AppIcon;
				ASSETCATALOG_COMPILER_GLOBAL_ACCENT_COLOR_NAME = AccentColor;
				CODE_SIGN_ENTITLEMENTS = ELCHackathon2023/ELCHackathon2023.entitlements;
				CODE_SIGN_STYLE = Automatic;
				CURRENT_PROJECT_VERSION = 1;
				DEVELOPMENT_TEAM = RQMWDBN53R;
				GENERATE_INFOPLIST_FILE = YES;
				INFOPLIST_FILE = ELCHackathon2023/Info.plist;
				INFOPLIST_KEY_NFCReaderUsageDescription = "";
				INFOPLIST_KEY_NSCameraUsageDescription = "Please allow camera";
				INFOPLIST_KEY_UIApplicationSupportsIndirectInputEvents = YES;
				INFOPLIST_KEY_UILaunchStoryboardName = LaunchScreen;
				INFOPLIST_KEY_UIMainStoryboardFile = Main;
				INFOPLIST_KEY_UIStatusBarStyle = UIStatusBarStyleLightContent;
				INFOPLIST_KEY_UISupportedInterfaceOrientations_iPad = "UIInterfaceOrientationPortrait UIInterfaceOrientationPortraitUpsideDown UIInterfaceOrientationLandscapeLeft UIInterfaceOrientationLandscapeRight";
				INFOPLIST_KEY_UISupportedInterfaceOrientations_iPhone = "UIInterfaceOrientationPortrait UIInterfaceOrientationLandscapeLeft UIInterfaceOrientationLandscapeRight";
				IPHONEOS_DEPLOYMENT_TARGET = 16.0;
				LD_RUNPATH_SEARCH_PATHS = (
					"$(inherited)",
					"@executable_path/Frameworks",
				);
				MARKETING_VERSION = 1.0;
				PRODUCT_BUNDLE_IDENTIFIER = com.hack.ELCHackathon2023;
				PRODUCT_NAME = "$(TARGET_NAME)";
				SWIFT_EMIT_LOC_STRINGS = YES;
				SWIFT_VERSION = 5.0;
				TARGETED_DEVICE_FAMILY = "1,2";
			};
			name = Release;
		};
/* End XCBuildConfiguration section */

/* Begin XCConfigurationList section */
		FA80818529BC405100798CF3 /* Build configuration list for PBXProject "ELCHackathon2023" */ = {
			isa = XCConfigurationList;
			buildConfigurations = (
				FA80819C29BC405200798CF3 /* Debug */,
				FA80819D29BC405200798CF3 /* Release */,
			);
			defaultConfigurationIsVisible = 0;
			defaultConfigurationName = Release;
		};
		FA80819E29BC405200798CF3 /* Build configuration list for PBXNativeTarget "ELCHackathon2023" */ = {
			isa = XCConfigurationList;
			buildConfigurations = (
				FA80819F29BC405200798CF3 /* Debug */,
				FA8081A029BC405200798CF3 /* Release */,
			);
			defaultConfigurationIsVisible = 0;
			defaultConfigurationName = Release;
		};
/* End XCConfigurationList section */

/* Begin XCRemoteSwiftPackageReference section */
		FA905CA129C3C33A002E2D63 /* XCRemoteSwiftPackageReference "SwiftyJSON" */ = {
			isa = XCRemoteSwiftPackageReference;
			repositoryURL = "https://github.com/SwiftyJSON/SwiftyJSON";
			requirement = {
				kind = upToNextMajorVersion;
				minimumVersion = 5.0.0;
			};
		};
		FAA63BA629C799810004AC55 /* XCRemoteSwiftPackageReference "openai-kit" */ = {
			isa = XCRemoteSwiftPackageReference;
			repositoryURL = "https://github.com/dylanshine/openai-kit.git";
			requirement = {
				kind = upToNextMajorVersion;
				minimumVersion = 1.0.0;
			};
		};
		FAA63BAB29C79D330004AC55 /* XCRemoteSwiftPackageReference "OpenAISwift" */ = {
			isa = XCRemoteSwiftPackageReference;
			repositoryURL = "https://github.com/adamrushy/OpenAISwift.git";
			requirement = {
				kind = upToNextMajorVersion;
				minimumVersion = 1.0.0;
			};
		};
		FAF2365329C4E5CE0056E90A /* XCRemoteSwiftPackageReference "lottie-spm" */ = {
			isa = XCRemoteSwiftPackageReference;
			repositoryURL = "https://github.com/airbnb/lottie-spm.git";
			requirement = {
				kind = upToNextMajorVersion;
				minimumVersion = 4.0.0;
			};
		};
/* End XCRemoteSwiftPackageReference section */

/* Begin XCSwiftPackageProductDependency section */
		FA905CA229C3C33A002E2D63 /* SwiftyJSON */ = {
			isa = XCSwiftPackageProductDependency;
			package = FA905CA129C3C33A002E2D63 /* XCRemoteSwiftPackageReference "SwiftyJSON" */;
			productName = SwiftyJSON;
		};
		FAA63BAC29C79D330004AC55 /* OpenAISwift */ = {
			isa = XCSwiftPackageProductDependency;
			package = FAA63BAB29C79D330004AC55 /* XCRemoteSwiftPackageReference "OpenAISwift" */;
			productName = OpenAISwift;
		};
		FAF2365429C4E5CE0056E90A /* Lottie */ = {
			isa = XCSwiftPackageProductDependency;
			package = FAF2365329C4E5CE0056E90A /* XCRemoteSwiftPackageReference "lottie-spm" */;
			productName = Lottie;
		};
/* End XCSwiftPackageProductDependency section */
	};
	rootObject = FA80818229BC405100798CF3 /* Project object */;
}
